
Microsoft Visual Studio Solution File, Format Version 12.00
# Visual Studio 15
VisualStudioVersion = 15.0.28307.421
MinimumVisualStudioVersion = 10.0.40219.1
Project("{888888A0-9F3D-457C-B088-3A5042F75D52}") = "mainProgram", "mainProgram.pyproj", "{361CE6E0-BE07-4504-B49E-4289E7EB45F4}"
EndProject
Global
	GlobalSection(SolutionConfigurationPlatforms) = preSolution
		Debug|Any CPU = Debug|Any CPU
		Release|Any CPU = Release|Any CPU
	EndGlobalSection
	GlobalSection(ProjectConfigurationPlatforms) = postSolution
		{361CE6E0-BE07-4504-B49E-4289E7EB45F4}.Debug|Any CPU.ActiveCfg = Debug|Any CPU
		{361CE6E0-BE07-4504-B49E-4289E7EB45F4}.Release|Any CPU.ActiveCfg = Release|Any CPU
	EndGlobalSection
	GlobalSection(SolutionProperties) = preSolution
		HideSolutionNode = FALSE
	EndGlobalSection
	GlobalSection(ExtensibilityGlobals) = postSolution
		SolutionGuid = {02188938-1974-41CF-8A02-27F594790EC1}
	EndGlobalSection
EndGlobal
